// !$*UTF8*$!
{
	archiveVersion = 1;
	classes = {
	};
	objectVersion = 46;
	objects = {

/* Begin PBXBuildFile section */
		4B403E3C1832F06800B10186 /* launch.png in Resources */ = {isa = PBXBuildFile; fileRef = 4B403E3B1832F06800B10186 /* launch.png */; };
		4B403E3E1832F17E00B10186 /* icono.png in Resources */ = {isa = PBXBuildFile; fileRef = 4B403E3D1832F17E00B10186 /* icono.png */; };
		4B403E401832F3B700B10186 /* launch_5.png in Resources */ = {isa = PBXBuildFile; fileRef = 4B403E3F1832F3B700B10186 /* launch_5.png */; };
		4B403E441832F54E00B10186 /* icono_120x120.png in Resources */ = {isa = PBXBuildFile; fileRef = 4B403E411832F54E00B10186 /* icono_120x120.png */; };
		4B403E451832F54E00B10186 /* icono_58x58.png in Resources */ = {isa = PBXBuildFile; fileRef = 4B403E421832F54E00B10186 /* icono_58x58.png */; };
		4B403E461832F54E00B10186 /* icono_80x80.png in Resources */ = {isa = PBXBuildFile; fileRef = 4B403E431832F54E00B10186 /* icono_80x80.png */; };
		4BC4653E183152F300FE97C8 /* Foundation.framework in Frameworks */ = {isa = PBXBuildFile; fileRef = 4BC4653D183152F300FE97C8 /* Foundation.framework */; };
		4BC46540183152F300FE97C8 /* CoreGraphics.framework in Frameworks */ = {isa = PBXBuildFile; fileRef = 4BC4653F183152F300FE97C8 /* CoreGraphics.framework */; };
		4BC46542183152F300FE97C8 /* UIKit.framework in Frameworks */ = {isa = PBXBuildFile; fileRef = 4BC46541183152F300FE97C8 /* UIKit.framework */; };
		4BC46548183152F300FE97C8 /* InfoPlist.strings in Resources */ = {isa = PBXBuildFile; fileRef = 4BC46546183152F300FE97C8 /* InfoPlist.strings */; };
		4BC4654A183152F300FE97C8 /* main.m in Sources */ = {isa = PBXBuildFile; fileRef = 4BC46549183152F300FE97C8 /* main.m */; };
		4BC4654E183152F300FE97C8 /* AppDelegate.m in Sources */ = {isa = PBXBuildFile; fileRef = 4BC4654D183152F300FE97C8 /* AppDelegate.m */; };
		4BC46551183152F300FE97C8 /* Main.storyboard in Resources */ = {isa = PBXBuildFile; fileRef = 4BC4654F183152F300FE97C8 /* Main.storyboard */; };
		4BC46554183152F300FE97C8 /* ViewController.m in Sources */ = {isa = PBXBuildFile; fileRef = 4BC46553183152F300FE97C8 /* ViewController.m */; };
		4BC46556183152F300FE97C8 /* Images.xcassets in Resources */ = {isa = PBXBuildFile; fileRef = 4BC46555183152F300FE97C8 /* Images.xcassets */; };
		4BC4655D183152F300FE97C8 /* XCTest.framework in Frameworks */ = {isa = PBXBuildFile; fileRef = 4BC4655C183152F300FE97C8 /* XCTest.framework */; };
		4BC4655E183152F300FE97C8 /* Foundation.framework in Frameworks */ = {isa = PBXBuildFile; fileRef = 4BC4653D183152F300FE97C8 /* Foundation.framework */; };
		4BC4655F183152F300FE97C8 /* UIKit.framework in Frameworks */ = {isa = PBXBuildFile; fileRef = 4BC46541183152F300FE97C8 /* UIKit.framework */; };
		4BC46567183152F300FE97C8 /* InfoPlist.strings in Resources */ = {isa = PBXBuildFile; fileRef = 4BC46565183152F300FE97C8 /* InfoPlist.strings */; };
		4BC46569183152F300FE97C8 /* iDea_LanternTests.m in Sources */ = {isa = PBXBuildFile; fileRef = 4BC46568183152F300FE97C8 /* iDea_LanternTests.m */; };
		4BC465731831532100FE97C8 /* QuartzCore.framework in Frameworks */ = {isa = PBXBuildFile; fileRef = 4BC465721831532100FE97C8 /* QuartzCore.framework */; };
		4BC465771831586600FE97C8 /* bombilla.png in Resources */ = {isa = PBXBuildFile; fileRef = 4BC465751831586600FE97C8 /* bombilla.png */; };
		4BC4657D183158C400FE97C8 /* lineas.png in Resources */ = {isa = PBXBuildFile; fileRef = 4BC4657A183158C400FE97C8 /* lineas.png */; };
		4BC4657E183158C400FE97C8 /* boton_on.png in Resources */ = {isa = PBXBuildFile; fileRef = 4BC4657B183158C400FE97C8 /* boton_on.png */; };
		4BC4657F183158C400FE97C8 /* boton_off.png in Resources */ = {isa = PBXBuildFile; fileRef = 4BC4657C183158C400FE97C8 /* boton_off.png */; };
		4BC465841831631F00FE97C8 /* game_over.mp3 in Resources */ = {isa = PBXBuildFile; fileRef = 4BC465821831631F00FE97C8 /* game_over.mp3 */; };
		4BC465851831631F00FE97C8 /* ganar.mp3 in Resources */ = {isa = PBXBuildFile; fileRef = 4BC465831831631F00FE97C8 /* ganar.mp3 */; };
		4BC4658D1831AC3200FE97C8 /* bombilla_mala2.png in Resources */ = {isa = PBXBuildFile; fileRef = 4BC4658A1831AC3200FE97C8 /* bombilla_mala2.png */; };
		4BC4658E1831AC3200FE97C8 /* bombilla_mala1.png in Resources */ = {isa = PBXBuildFile; fileRef = 4BC4658B1831AC3200FE97C8 /* bombilla_mala1.png */; };
		4BC4658F1831AC3200FE97C8 /* bombilla_on.png in Resources */ = {isa = PBXBuildFile; fileRef = 4BC4658C1831AC3200FE97C8 /* bombilla_on.png */; };
		4BF330C718324D8900F0709B /* AudioToolbox.framework in Frameworks */ = {isa = PBXBuildFile; fileRef = 4BF330C618324D8900F0709B /* AudioToolbox.framework */; };
/* End PBXBuildFile section */

/* Begin PBXContainerItemProxy section */
		4BC46560183152F300FE97C8 /* PBXContainerItemProxy */ = {
			isa = PBXContainerItemProxy;
			containerPortal = 4BC46532183152F300FE97C8 /* Project object */;
			proxyType = 1;
			remoteGlobalIDString = 4BC46539183152F300FE97C8;
			remoteInfo = "iDea Lantern";
		};
/* End PBXContainerItemProxy section */

/* Begin PBXFileReference section */
		4B403E3B1832F06800B10186 /* launch.png */ = {isa = PBXFileReference; lastKnownFileType = image.png; name = launch.png; path = "../../Links apps/iDea Lantern/launch.png"; sourceTree = "<group>"; };
		4B403E3D1832F17E00B10186 /* icono.png */ = {isa = PBXFileReference; lastKnownFileType = image.png; path = icono.png; sourceTree = "<group>"; };
		4B403E3F1832F3B700B10186 /* launch_5.png */ = {isa = PBXFileReference; lastKnownFileType = image.png; path = launch_5.png; sourceTree = "<group>"; };
		4B403E411832F54E00B10186 /* icono_120x120.png */ = {isa = PBXFileReference; lastKnownFileType = image.png; path = icono_120x120.png; sourceTree = "<group>"; };
		4B403E421832F54E00B10186 /* icono_58x58.png */ = {isa = PBXFileReference; lastKnownFileType = image.png; path = icono_58x58.png; sourceTree = "<group>"; };
		4B403E431832F54E00B10186 /* icono_80x80.png */ = {isa = PBXFileReference; lastKnownFileType = image.png; path = icono_80x80.png; sourceTree = "<group>"; };
		4BC4653A183152F300FE97C8 /* iDea Lantern.app */ = {isa = PBXFileReference; explicitFileType = wrapper.application; includeInIndex = 0; path = "iDea Lantern.app"; sourceTree = BUILT_PRODUCTS_DIR; };
		4BC4653D183152F300FE97C8 /* Foundation.framework */ = {isa = PBXFileReference; lastKnownFileType = wrapper.framework; name = Foundation.framework; path = System/Library/Frameworks/Foundation.framework; sourceTree = SDKROOT; };
		4BC4653F183152F300FE97C8 /* CoreGraphics.framework */ = {isa = PBXFileReference; lastKnownFileType = wrapper.framework; name = CoreGraphics.framework; path = System/Library/Frameworks/CoreGraphics.framework; sourceTree = SDKROOT; };
		4BC46541183152F300FE97C8 /* UIKit.framework */ = {isa = PBXFileReference; lastKnownFileType = wrapper.framework; name = UIKit.framework; path = System/Library/Frameworks/UIKit.framework; sourceTree = SDKROOT; };
		4BC46545183152F300FE97C8 /* iDea Lantern-Info.plist */ = {isa = PBXFileReference; lastKnownFileType = text.plist.xml; path = "iDea Lantern-Info.plist"; sourceTree = "<group>"; };
		4BC46547183152F300FE97C8 /* en */ = {isa = PBXFileReference; lastKnownFileType = text.plist.strings; name = en; path = en.lproj/InfoPlist.strings; sourceTree = "<group>"; };
		4BC46549183152F300FE97C8 /* main.m */ = {isa = PBXFileReference; lastKnownFileType = sourcecode.c.objc; path = main.m; sourceTree = "<group>"; };
		4BC4654B183152F300FE97C8 /* iDea Lantern-Prefix.pch */ = {isa = PBXFileReference; lastKnownFileType = sourcecode.c.h; path = "iDea Lantern-Prefix.pch"; sourceTree = "<group>"; };
		4BC4654C183152F300FE97C8 /* AppDelegate.h */ = {isa = PBXFileReference; lastKnownFileType = sourcecode.c.h; path = AppDelegate.h; sourceTree = "<group>"; };
		4BC4654D183152F300FE97C8 /* AppDelegate.m */ = {isa = PBXFileReference; lastKnownFileType = sourcecode.c.objc; path = AppDelegate.m; sourceTree = "<group>"; };
		4BC46550183152F300FE97C8 /* Base */ = {isa = PBXFileReference; lastKnownFileType = file.storyboard; name = Base; path = Base.lproj/Main.storyboard; sourceTree = "<group>"; };
		4BC46552183152F300FE97C8 /* ViewController.h */ = {isa = PBXFileReference; lastKnownFileType = sourcecode.c.h; path = ViewController.h; sourceTree = "<group>"; };
		4BC46553183152F300FE97C8 /* ViewController.m */ = {isa = PBXFileReference; lastKnownFileType = sourcecode.c.objc; path = ViewController.m; sourceTree = "<group>"; };
		4BC46555183152F300FE97C8 /* Images.xcassets */ = {isa = PBXFileReference; lastKnownFileType = folder.assetcatalog; path = Images.xcassets; sourceTree = "<group>"; };
		4BC4655B183152F300FE97C8 /* iDea LanternTests.xctest */ = {isa = PBXFileReference; explicitFileType = wrapper.cfbundle; includeInIndex = 0; path = "iDea LanternTests.xctest"; sourceTree = BUILT_PRODUCTS_DIR; };
		4BC4655C183152F300FE97C8 /* XCTest.framework */ = {isa = PBXFileReference; lastKnownFileType = wrapper.framework; name = XCTest.framework; path = Library/Frameworks/XCTest.framework; sourceTree = DEVELOPER_DIR; };
		4BC46564183152F300FE97C8 /* iDea LanternTests-Info.plist */ = {isa = PBXFileReference; lastKnownFileType = text.plist.xml; path = "iDea LanternTests-Info.plist"; sourceTree = "<group>"; };
		4BC46566183152F300FE97C8 /* en */ = {isa = PBXFileReference; lastKnownFileType = text.plist.strings; name = en; path = en.lproj/InfoPlist.strings; sourceTree = "<group>"; };
		4BC46568183152F300FE97C8 /* iDea_LanternTests.m */ = {isa = PBXFileReference; lastKnownFileType = sourcecode.c.objc; path = iDea_LanternTests.m; sourceTree = "<group>"; };
		4BC465721831532100FE97C8 /* QuartzCore.framework */ = {isa = PBXFileReference; lastKnownFileType = wrapper.framework; name = QuartzCore.framework; path = System/Library/Frameworks/QuartzCore.framework; sourceTree = SDKROOT; };
		4BC465751831586600FE97C8 /* bombilla.png */ = {isa = PBXFileReference; lastKnownFileType = image.png; name = bombilla.png; path = "../../Links apps/iDea Lantern/bombilla.png"; sourceTree = "<group>"; };
		4BC4657A183158C400FE97C8 /* lineas.png */ = {isa = PBXFileReference; lastKnownFileType = image.png; path = lineas.png; sourceTree = "<group>"; };
		4BC4657B183158C400FE97C8 /* boton_on.png */ = {isa = PBXFileReference; lastKnownFileType = image.png; name = boton_on.png; path = "../../Links apps/iDea Lantern/boton_on.png"; sourceTree = "<group>"; };
		4BC4657C183158C400FE97C8 /* boton_off.png */ = {isa = PBXFileReference; lastKnownFileType = image.png; name = boton_off.png; path = "../../Links apps/iDea Lantern/boton_off.png"; sourceTree = "<group>"; };
		4BC465821831631F00FE97C8 /* game_over.mp3 */ = {isa = PBXFileReference; lastKnownFileType = audio.mp3; path = game_over.mp3; sourceTree = "<group>"; };
		4BC465831831631F00FE97C8 /* ganar.mp3 */ = {isa = PBXFileReference; lastKnownFileType = audio.mp3; name = ganar.mp3; path = "../../Links apps/iDea Lantern/ganar.mp3"; sourceTree = "<group>"; };
		4BC4658A1831AC3200FE97C8 /* bombilla_mala2.png */ = {isa = PBXFileReference; lastKnownFileType = image.png; path = bombilla_mala2.png; sourceTree = "<group>"; };
		4BC4658B1831AC3200FE97C8 /* bombilla_mala1.png */ = {isa = PBXFileReference; lastKnownFileType = image.png; path = bombilla_mala1.png; sourceTree = "<group>"; };
		4BC4658C1831AC3200FE97C8 /* bombilla_on.png */ = {isa = PBXFileReference; lastKnownFileType = image.png; path = bombilla_on.png; sourceTree = "<group>"; };
		4BF330C618324D8900F0709B /* AudioToolbox.framework */ = {isa = PBXFileReference; lastKnownFileType = wrapper.framework; name = AudioToolbox.framework; path = System/Library/Frameworks/AudioToolbox.framework; sourceTree = SDKROOT; };
/* End PBXFileReference section */

/* Begin PBXFrameworksBuildPhase section */
		4BC46537183152F300FE97C8 /* Frameworks */ = {
			isa = PBXFrameworksBuildPhase;
			buildActionMask = 2147483647;
			files = (
				4BF330C718324D8900F0709B /* AudioToolbox.framework in Frameworks */,
				4BC465731831532100FE97C8 /* QuartzCore.framework in Frameworks */,
				4BC46540183152F300FE97C8 /* CoreGraphics.framework in Frameworks */,
				4BC46542183152F300FE97C8 /* UIKit.framework in Frameworks */,
				4BC4653E183152F300FE97C8 /* Foundation.framework in Frameworks */,
			);
			runOnlyForDeploymentPostprocessing = 0;
		};
		4BC46558183152F300FE97C8 /* Frameworks */ = {
			isa = PBXFrameworksBuildPhase;
			buildActionMask = 2147483647;
			files = (
				4BC4655D183152F300FE97C8 /* XCTest.framework in Frameworks */,
				4BC4655F183152F300FE97C8 /* UIKit.framework in Frameworks */,
				4BC4655E183152F300FE97C8 /* Foundation.framework in Frameworks */,
			);
			runOnlyForDeploymentPostprocessing = 0;
		};
/* End PBXFrameworksBuildPhase section */

/* Begin PBXGroup section */
		4BC46531183152F300FE97C8 = {
			isa = PBXGroup;
			children = (
				4BC46543183152F300FE97C8 /* iDea Lantern */,
				4BC46562183152F300FE97C8 /* iDea LanternTests */,
				4BC4653C183152F300FE97C8 /* Frameworks */,
				4BC4653B183152F300FE97C8 /* Products */,
			);
			sourceTree = "<group>";
		};
		4BC4653B183152F300FE97C8 /* Products */ = {
			isa = PBXGroup;
			children = (
				4BC4653A183152F300FE97C8 /* iDea Lantern.app */,
				4BC4655B183152F300FE97C8 /* iDea LanternTests.xctest */,
			);
			name = Products;
			sourceTree = "<group>";
		};
		4BC4653C183152F300FE97C8 /* Frameworks */ = {
			isa = PBXGroup;
			children = (
				4BF330C618324D8900F0709B /* AudioToolbox.framework */,
				4BC465721831532100FE97C8 /* QuartzCore.framework */,
				4BC4653D183152F300FE97C8 /* Foundation.framework */,
				4BC4653F183152F300FE97C8 /* CoreGraphics.framework */,
				4BC46541183152F300FE97C8 /* UIKit.framework */,
				4BC4655C183152F300FE97C8 /* XCTest.framework */,
			);
			name = Frameworks;
			sourceTree = "<group>";
		};
		4BC46543183152F300FE97C8 /* iDea Lantern */ = {
			isa = PBXGroup;
			children = (
				4BC4654C183152F300FE97C8 /* AppDelegate.h */,
				4BC4654D183152F300FE97C8 /* AppDelegate.m */,
				4BC4654F183152F300FE97C8 /* Main.storyboard */,
				4BC46552183152F300FE97C8 /* ViewController.h */,
				4BC465791831587B00FE97C8 /* imagenes */,
				4BC46553183152F300FE97C8 /* ViewController.m */,
				4BC46555183152F300FE97C8 /* Images.xcassets */,
				4BC46544183152F300FE97C8 /* Supporting Files */,
			);
			path = "iDea Lantern";
			sourceTree = "<group>";
		};
		4BC46544183152F300FE97C8 /* Supporting Files */ = {
			isa = PBXGroup;
			children = (
				4BC46545183152F300FE97C8 /* iDea Lantern-Info.plist */,
				4BC46546183152F300FE97C8 /* InfoPlist.strings */,
				4BC46549183152F300FE97C8 /* main.m */,
				4BC4654B183152F300FE97C8 /* iDea Lantern-Prefix.pch */,
			);
			name = "Supporting Files";
			sourceTree = "<group>";
		};
		4BC46562183152F300FE97C8 /* iDea LanternTests */ = {
			isa = PBXGroup;
			children = (
				4BC46568183152F300FE97C8 /* iDea_LanternTests.m */,
				4BC46563183152F300FE97C8 /* Supporting Files */,
			);
			path = "iDea LanternTests";
			sourceTree = "<group>";
		};
		4BC46563183152F300FE97C8 /* Supporting Files */ = {
			isa = PBXGroup;
			children = (
				4BC46564183152F300FE97C8 /* iDea LanternTests-Info.plist */,
				4BC46565183152F300FE97C8 /* InfoPlist.strings */,
			);
			name = "Supporting Files";
			sourceTree = "<group>";
		};
		4BC465791831587B00FE97C8 /* imagenes */ = {
			isa = PBXGroup;
			children = (
				4B403E411832F54E00B10186 /* icono_120x120.png */,
				4B403E421832F54E00B10186 /* icono_58x58.png */,
				4B403E431832F54E00B10186 /* icono_80x80.png */,
				4B403E3F1832F3B700B10186 /* launch_5.png */,
				4B403E3D1832F17E00B10186 /* icono.png */,
				4B403E3B1832F06800B10186 /* launch.png */,
				4BC4658A1831AC3200FE97C8 /* bombilla_mala2.png */,
				4BC4658B1831AC3200FE97C8 /* bombilla_mala1.png */,
				4BC4658C1831AC3200FE97C8 /* bombilla_on.png */,
				4BC465821831631F00FE97C8 /* game_over.mp3 */,
				4BC465831831631F00FE97C8 /* ganar.mp3 */,
				4BC4657A183158C400FE97C8 /* lineas.png */,
				4BC4657B183158C400FE97C8 /* boton_on.png */,
				4BC4657C183158C400FE97C8 /* boton_off.png */,
				4BC465751831586600FE97C8 /* bombilla.png */,
			);
			name = imagenes;
			sourceTree = "<group>";
		};
/* End PBXGroup section */

/* Begin PBXNativeTarget section */
		4BC46539183152F300FE97C8 /* iDea Lantern */ = {
			isa = PBXNativeTarget;
			buildConfigurationList = 4BC4656C183152F300FE97C8 /* Build configuration list for PBXNativeTarget "iDea Lantern" */;
			buildPhases = (
				4BC46536183152F300FE97C8 /* Sources */,
				4BC46537183152F300FE97C8 /* Frameworks */,
				4BC46538183152F300FE97C8 /* Resources */,
			);
			buildRules = (
			);
			dependencies = (
			);
			name = "iDea Lantern";
			productName = "iDea Lantern";
			productReference = 4BC4653A183152F300FE97C8 /* iDea Lantern.app */;
			productType = "com.apple.product-type.application";
		};
		4BC4655A183152F300FE97C8 /* iDea LanternTests */ = {
			isa = PBXNativeTarget;
			buildConfigurationList = 4BC4656F183152F300FE97C8 /* Build configuration list for PBXNativeTarget "iDea LanternTests" */;
			buildPhases = (
				4BC46557183152F300FE97C8 /* Sources */,
				4BC46558183152F300FE97C8 /* Frameworks */,
				4BC46559183152F300FE97C8 /* Resources */,
			);
			buildRules = (
			);
			dependencies = (
				4BC46561183152F300FE97C8 /* PBXTargetDependency */,
			);
			name = "iDea LanternTests";
			productName = "iDea LanternTests";
			productReference = 4BC4655B183152F300FE97C8 /* iDea LanternTests.xctest */;
			productType = "com.apple.product-type.bundle.unit-test";
		};
/* End PBXNativeTarget section */

/* Begin PBXProject section */
		4BC46532183152F300FE97C8 /* Project object */ = {
			isa = PBXProject;
			attributes = {
				LastUpgradeCheck = 0500;
				ORGANIZATIONNAME = "Israel Diaz Ortiz";
				TargetAttributes = {
					4BC4655A183152F300FE97C8 = {
						TestTargetID = 4BC46539183152F300FE97C8;
					};
				};
			};
			buildConfigurationList = 4BC46535183152F300FE97C8 /* Build configuration list for PBXProject "iDea Lantern" */;
			compatibilityVersion = "Xcode 3.2";
			developmentRegion = English;
			hasScannedForEncodings = 0;
			knownRegions = (
				en,
				Base,
			);
			mainGroup = 4BC46531183152F300FE97C8;
			productRefGroup = 4BC4653B183152F300FE97C8 /* Products */;
			projectDirPath = "";
			projectRoot = "";
			targets = (
				4BC46539183152F300FE97C8 /* iDea Lantern */,
				4BC4655A183152F300FE97C8 /* iDea LanternTests */,
			);
		};
/* End PBXProject section */

/* Begin PBXResourcesBuildPhase section */
		4BC46538183152F300FE97C8 /* Resources */ = {
			isa = PBXResourcesBuildPhase;
			buildActionMask = 2147483647;
			files = (
				4BC4658F1831AC3200FE97C8 /* bombilla_on.png in Resources */,
				4B403E451832F54E00B10186 /* icono_58x58.png in Resources */,
				4BC46556183152F300FE97C8 /* Images.xcassets in Resources */,
				4BC465841831631F00FE97C8 /* game_over.mp3 in Resources */,
				4B403E401832F3B700B10186 /* launch_5.png in Resources */,
				4BC4657E183158C400FE97C8 /* boton_on.png in Resources */,
				4B403E3E1832F17E00B10186 /* icono.png in Resources */,
				4BC4658E1831AC3200FE97C8 /* bombilla_mala1.png in Resources */,
				4BC465771831586600FE97C8 /* bombilla.png in Resources */,
				4BC4657D183158C400FE97C8 /* lineas.png in Resources */,
				4B403E441832F54E00B10186 /* icono_120x120.png in Resources */,
				4BC4658D1831AC3200FE97C8 /* bombilla_mala2.png in Resources */,
				4BC465851831631F00FE97C8 /* ganar.mp3 in Resources */,
				4BC4657F183158C400FE97C8 /* boton_off.png in Resources */,
				4BC46548183152F300FE97C8 /* InfoPlist.strings in Resources */,
				4B403E461832F54E00B10186 /* icono_80x80.png in Resources */,
				4BC46551183152F300FE97C8 /* Main.storyboard in Resources */,
				4B403E3C1832F06800B10186 /* launch.png in Resources */,
			);
			runOnlyForDeploymentPostprocessing = 0;
		};
		4BC46559183152F300FE97C8 /* Resources */ = {
			isa = PBXResourcesBuildPhase;
			buildActionMask = 2147483647;
			files = (
				4BC46567183152F300FE97C8 /* InfoPlist.strings in Resources */,
			);
			runOnlyForDeploymentPostprocessing = 0;
		};
/* End PBXResourcesBuildPhase section */

/* Begin PBXSourcesBuildPhase section */
		4BC46536183152F300FE97C8 /* Sources */ = {
			isa = PBXSourcesBuildPhase;
			buildActionMask = 2147483647;
			files = (
				4BC46554183152F300FE97C8 /* ViewController.m in Sources */,
				4BC4654E183152F300FE97C8 /* AppDelegate.m in Sources */,
				4BC4654A183152F300FE97C8 /* main.m in Sources */,
			);
			runOnlyForDeploymentPostprocessing = 0;
		};
		4BC46557183152F300FE97C8 /* Sources */ = {
			isa = PBXSourcesBuildPhase;
			buildActionMask = 2147483647;
			files = (
				4BC46569183152F300FE97C8 /* iDea_LanternTests.m in Sources */,
			);
			runOnlyForDeploymentPostprocessing = 0;
		};
/* End PBXSourcesBuildPhase section */

/* Begin PBXTargetDependency section */
		4BC46561183152F300FE97C8 /* PBXTargetDependency */ = {
			isa = PBXTargetDependency;
			target = 4BC46539183152F300FE97C8 /* iDea Lantern */;
			targetProxy = 4BC46560183152F300FE97C8 /* PBXContainerItemProxy */;
		};
/* End PBXTargetDependency section */

/* Begin PBXVariantGroup section */
		4BC46546183152F300FE97C8 /* InfoPlist.strings */ = {
			isa = PBXVariantGroup;
			children = (
				4BC46547183152F300FE97C8 /* en */,
			);
			name = InfoPlist.strings;
			sourceTree = "<group>";
		};
		4BC4654F183152F300FE97C8 /* Main.storyboard */ = {
			isa = PBXVariantGroup;
			children = (
				4BC46550183152F300FE97C8 /* Base */,
			);
			name = Main.storyboard;
			sourceTree = "<group>";
		};
		4BC46565183152F300FE97C8 /* InfoPlist.strings */ = {
			isa = PBXVariantGroup;
			children = (
				4BC46566183152F300FE97C8 /* en */,
			);
			name = InfoPlist.strings;
			sourceTree = "<group>";
		};
/* End PBXVariantGroup section */

/* Begin XCBuildConfiguration section */
		4BC4656A183152F300FE97C8 /* Debug */ = {
			isa = XCBuildConfiguration;
			buildSettings = {
				ALWAYS_SEARCH_USER_PATHS = NO;
				ARCHS = "$(ARCHS_STANDARD_INCLUDING_64_BIT)";
				CLANG_CXX_LANGUAGE_STANDARD = "gnu++0x";
				CLANG_CXX_LIBRARY = "libc++";
				CLANG_ENABLE_MODULES = YES;
				CLANG_ENABLE_OBJC_ARC = YES;
				CLANG_WARN_BOOL_CONVERSION = YES;
				CLANG_WARN_CONSTANT_CONVERSION = YES;
				CLANG_WARN_DIRECT_OBJC_ISA_USAGE = YES_ERROR;
				CLANG_WARN_EMPTY_BODY = YES;
				CLANG_WARN_ENUM_CONVERSION = YES;
				CLANG_WARN_INT_CONVERSION = YES;
				CLANG_WARN_OBJC_ROOT_CLASS = YES_ERROR;
				CLANG_WARN__DUPLICATE_METHOD_MATCH = YES;
				"CODE_SIGN_IDENTITY[sdk=iphoneos*]" = "iPhone Developer";
				COPY_PHASE_STRIP = NO;
				GCC_C_LANGUAGE_STANDARD = gnu99;
				GCC_DYNAMIC_NO_PIC = NO;
				GCC_OPTIMIZATION_LEVEL = 0;
				GCC_PREPROCESSOR_DEFINITIONS = (
					"DEBUG=1",
					"$(inherited)",
				);
				GCC_SYMBOLS_PRIVATE_EXTERN = NO;
				GCC_WARN_64_TO_32_BIT_CONVERSION = YES;
				GCC_WARN_ABOUT_RETURN_TYPE = YES_ERROR;
				GCC_WARN_UNDECLARED_SELECTOR = YES;
				GCC_WARN_UNINITIALIZED_AUTOS = YES;
				GCC_WARN_UNUSED_FUNCTION = YES;
				GCC_WARN_UNUSED_VARIABLE = YES;
				IPHONEOS_DEPLOYMENT_TARGET = 7.0;
				ONLY_ACTIVE_ARCH = YES;
				SDKROOT = iphoneos;
			};
			name = Debug;
		};
		4BC4656B183152F300FE97C8 /* Release */ = {
			isa = XCBuildConfiguration;
			buildSettings = {
				ALWAYS_SEARCH_USER_PATHS = NO;
				ARCHS = "$(ARCHS_STANDARD_INCLUDING_64_BIT)";
				CLANG_CXX_LANGUAGE_STANDARD = "gnu++0x";
				CLANG_CXX_LIBRARY = "libc++";
				CLANG_ENABLE_MODULES = YES;
				CLANG_ENABLE_OBJC_ARC = YES;
				CLANG_WARN_BOOL_CONVERSION = YES;
				CLANG_WARN_CONSTANT_CONVERSION = YES;
				CLANG_WARN_DIRECT_OBJC_ISA_USAGE = YES_ERROR;
				CLANG_WARN_EMPTY_BODY = YES;
				CLANG_WARN_ENUM_CONVERSION = YES;
				CLANG_WARN_INT_CONVERSION = YES;
				CLANG_WARN_OBJC_ROOT_CLASS = YES_ERROR;
				CLANG_WARN__DUPLICATE_METHOD_MATCH = YES;
				"CODE_SIGN_IDENTITY[sdk=iphoneos*]" = "iPhone Developer";
				COPY_PHASE_STRIP = YES;
				ENABLE_NS_ASSERTIONS = NO;
				GCC_C_LANGUAGE_STANDARD = gnu99;
				GCC_WARN_64_TO_32_BIT_CONVERSION = YES;
				GCC_WARN_ABOUT_RETURN_TYPE = YES_ERROR;
				GCC_WARN_UNDECLARED_SELECTOR = YES;
				GCC_WARN_UNINITIALIZED_AUTOS = YES;
				GCC_WARN_UNUSED_FUNCTION = YES;
				GCC_WARN_UNUSED_VARIABLE = YES;
				IPHONEOS_DEPLOYMENT_TARGET = 7.0;
				SDKROOT = iphoneos;
				VALIDATE_PRODUCT = YES;
			};
			name = Release;
		};
		4BC4656D183152F300FE97C8 /* Debug */ = {
			isa = XCBuildConfiguration;
			buildSettings = {
				ASSETCATALOG_COMPILER_APPICON_NAME = AppIcon;
				ASSETCATALOG_COMPILER_LAUNCHIMAGE_NAME = LaunchImage;
				GCC_PRECOMPILE_PREFIX_HEADER = YES;
				GCC_PREFIX_HEADER = "iDea Lantern/iDea Lantern-Prefix.pch";
				INFOPLIST_FILE = "iDea Lantern/iDea Lantern-Info.plist";
				PRODUCT_NAME = "$(TARGET_NAME)";
				WRAPPER_EXTENSION = app;
			};
			name = Debug;
		};
		4BC4656E183152F300FE97C8 /* Release */ = {
			isa = XCBuildConfiguration;
			buildSettings = {
				ASSETCATALOG_COMPILER_APPICON_NAME = AppIcon;
				ASSETCATALOG_COMPILER_LAUNCHIMAGE_NAME = LaunchImage;
				GCC_PRECOMPILE_PREFIX_HEADER = YES;
				GCC_PREFIX_HEADER = "iDea Lantern/iDea Lantern-Prefix.pch";
				INFOPLIST_FILE = "iDea Lantern/iDea Lantern-Info.plist";
				PRODUCT_NAME = "$(TARGET_NAME)";
				WRAPPER_EXTENSION = app;
			};
			name = Release;
		};
		4BC46570183152F300FE97C8 /* Debug */ = {
			isa = XCBuildConfiguration;
			buildSettings = {
				ARCHS = "$(ARCHS_STANDARD_INCLUDING_64_BIT)";
				BUNDLE_LOADER = "$(BUILT_PRODUCTS_DIR)/iDea Lantern.app/iDea Lantern";
				FRAMEWORK_SEARCH_PATHS = (
					"$(SDKROOT)/Developer/Library/Frameworks",
					"$(inherited)",
					"$(DEVELOPER_FRAMEWORKS_DIR)",
				);
				GCC_PRECOMPILE_PREFIX_HEADER = YES;
				GCC_PREFIX_HEADER = "iDea Lantern/iDea Lantern-Prefix.pch";
				GCC_PREPROCESSOR_DEFINITIONS = (
					"DEBUG=1",
					"$(inherited)",
				);
				INFOPLIST_FILE = "iDea LanternTests/iDea LanternTests-Info.plist";
				PRODUCT_NAME = "$(TARGET_NAME)";
				TEST_HOST = "$(BUNDLE_LOADER)";
				WRAPPER_EXTENSION = xctest;
			};
			name = Debug;
		};
		4BC46571183152F300FE97C8 /* Release */ = {
			isa = XCBuildConfiguration;
			buildSettings = {
				ARCHS = "$(ARCHS_STANDARD_INCLUDING_64_BIT)";
				BUNDLE_LOADER = "$(BUILT_PRODUCTS_DIR)/iDea Lantern.app/iDea Lantern";
				FRAMEWORK_SEARCH_PATHS = (
					"$(SDKROOT)/Developer/Library/Frameworks",
					"$(inherited)",
					"$(DEVELOPER_FRAMEWORKS_DIR)",
				);
				GCC_PRECOMPILE_PREFIX_HEADER = YES;
				GCC_PREFIX_HEADER = "iDea Lantern/iDea Lantern-Prefix.pch";
				INFOPLIST_FILE = "iDea LanternTests/iDea LanternTests-Info.plist";
				PRODUCT_NAME = "$(TARGET_NAME)";
				TEST_HOST = "$(BUNDLE_LOADER)";
				WRAPPER_EXTENSION = xctest;
			};
			name = Release;
		};
/* End XCBuildConfiguration section */

/* Begin XCConfigurationList section */
		4BC46535183152F300FE97C8 /* Build configuration list for PBXProject "iDea Lantern" */ = {
			isa = XCConfigurationList;
			buildConfigurations = (
				4BC4656A183152F300FE97C8 /* Debug */,
				4BC4656B183152F300FE97C8 /* Release */,
			);
			defaultConfigurationIsVisible = 0;
			defaultConfigurationName = Release;
		};
		4BC4656C183152F300FE97C8 /* Build configuration list for PBXNativeTarget "iDea Lantern" */ = {
			isa = XCConfigurationList;
			buildConfigurations = (
				4BC4656D183152F300FE97C8 /* Debug */,
				4BC4656E183152F300FE97C8 /* Release */,
			);
			defaultConfigurationIsVisible = 0;
			defaultConfigurationName = Release;
		};
		4BC4656F183152F300FE97C8 /* Build configuration list for PBXNativeTarget "iDea LanternTests" */ = {
			isa = XCConfigurationList;
			buildConfigurations = (
				4BC46570183152F300FE97C8 /* Debug */,
				4BC46571183152F300FE97C8 /* Release */,
			);
			defaultConfigurationIsVisible = 0;
			defaultConfigurationName = Release;
		};
/* End XCConfigurationList section */
	};
	rootObject = 4BC46532183152F300FE97C8 /* Project object */;
}
